
Microsoft Visual Studio Solution File, Format Version 12.00
# Visual Studio Version 16
VisualStudioVersion = 16.0.30204.135
MinimumVisualStudioVersion = 10.0.40219.1
Project("{FAE04EC0-301F-11D3-BF4B-00C04F79EFBC}") = "Ders 53 - Openfiledialog-Savefiledialog", "Ders 53 - Openfiledialog-Savefiledialog\Ders 53 - Openfiledialog-Savefiledialog.csproj", "{BFA48A45-A69B-4BB4-8C98-1F86781F629D}"
EndProject
Global
	GlobalSection(SolutionConfigurationPlatforms) = preSolution
		Debug|Any CPU = Debug|Any CPU
		Release|Any CPU = Release|Any CPU
	EndGlobalSection
	GlobalSection(ProjectConfigurationPlatforms) = postSolution
		{BFA48A45-A69B-4BB4-8C98-1F86781F629D}.Debug|Any CPU.ActiveCfg = Debug|Any CPU
		{BFA48A45-A69B-4BB4-8C98-1F86781F629D}.Debug|Any CPU.Build.0 = Debug|Any CPU
		{BFA48A45-A69B-4BB4-8C98-1F86781F629D}.Release|Any CPU.ActiveCfg = Release|Any CPU
		{BFA48A45-A69B-4BB4-8C98-1F86781F629D}.Release|Any CPU.Build.0 = Release|Any CPU
	EndGlobalSection
	GlobalSection(SolutionProperties) = preSolution
		HideSolutionNode = FALSE
	EndGlobalSection
	GlobalSection(ExtensibilityGlobals) = postSolution
		SolutionGuid = {DD1025B7-80BB-475D-A75C-719D4215D217}
	EndGlobalSection
EndGlobal
