
Microsoft Visual Studio Solution File, Format Version 12.00
# Visual Studio Version 16
VisualStudioVersion = 16.0.30204.135
MinimumVisualStudioVersion = 10.0.40219.1
Project("{FAE04EC0-301F-11D3-BF4B-00C04F79EFBC}") = "Ders 58 - Finally", "Ders 58 - Finally\Ders 58 - Finally.csproj", "{DC52B7A9-4651-469D-B876-B9BBF4718CD7}"
EndProject
Global
	GlobalSection(SolutionConfigurationPlatforms) = preSolution
		Debug|Any CPU = Debug|Any CPU
		Release|Any CPU = Release|Any CPU
	EndGlobalSection
	GlobalSection(ProjectConfigurationPlatforms) = postSolution
		{DC52B7A9-4651-469D-B876-B9BBF4718CD7}.Debug|Any CPU.ActiveCfg = Debug|Any CPU
		{DC52B7A9-4651-469D-B876-B9BBF4718CD7}.Debug|Any CPU.Build.0 = Debug|Any CPU
		{DC52B7A9-4651-469D-B876-B9BBF4718CD7}.Release|Any CPU.ActiveCfg = Release|Any CPU
		{DC52B7A9-4651-469D-B876-B9BBF4718CD7}.Release|Any CPU.Build.0 = Release|Any CPU
	EndGlobalSection
	GlobalSection(SolutionProperties) = preSolution
		HideSolutionNode = FALSE
	EndGlobalSection
	GlobalSection(ExtensibilityGlobals) = postSolution
		SolutionGuid = {BBDA221A-3FDA-4784-9AA3-6A36BBE4EA2F}
	EndGlobalSection
EndGlobal
