
Microsoft Visual Studio Solution File, Format Version 12.00
# Visual Studio Version 16
VisualStudioVersion = 16.0.30204.135
MinimumVisualStudioVersion = 10.0.40219.1
Project("{FAE04EC0-301F-11D3-BF4B-00C04F79EFBC}") = "Ders 6 - Uçuş Rezervasyon Sistemi Örnek", "Ders 6 - Uçuş Rezervasyon Sistemi Örnek\Ders 6 - Uçuş Rezervasyon Sistemi Örnek.csproj", "{53BC2482-BB65-4369-8469-F238C5FBED59}"
EndProject
Global
	GlobalSection(SolutionConfigurationPlatforms) = preSolution
		Debug|Any CPU = Debug|Any CPU
		Release|Any CPU = Release|Any CPU
	EndGlobalSection
	GlobalSection(ProjectConfigurationPlatforms) = postSolution
		{53BC2482-BB65-4369-8469-F238C5FBED59}.Debug|Any CPU.ActiveCfg = Debug|Any CPU
		{53BC2482-BB65-4369-8469-F238C5FBED59}.Debug|Any CPU.Build.0 = Debug|Any CPU
		{53BC2482-BB65-4369-8469-F238C5FBED59}.Release|Any CPU.ActiveCfg = Release|Any CPU
		{53BC2482-BB65-4369-8469-F238C5FBED59}.Release|Any CPU.Build.0 = Release|Any CPU
	EndGlobalSection
	GlobalSection(SolutionProperties) = preSolution
		HideSolutionNode = FALSE
	EndGlobalSection
	GlobalSection(ExtensibilityGlobals) = postSolution
		SolutionGuid = {72CCC51B-23D2-4F40-9187-DA73B71FB540}
	EndGlobalSection
EndGlobal
