
Microsoft Visual Studio Solution File, Format Version 12.00
# Visual Studio Version 16
VisualStudioVersion = 16.0.30204.135
MinimumVisualStudioVersion = 10.0.40219.1
Project("{FAE04EC0-301F-11D3-BF4B-00C04F79EFBC}") = "Ders 10 - İnt Değişkenler Örnek", "Ders 10 - İnt Değişkenler Örnek\Ders 10 - İnt Değişkenler Örnek.csproj", "{C8C30045-A8BA-417A-8EC0-61B57B5B207E}"
EndProject
Global
	GlobalSection(SolutionConfigurationPlatforms) = preSolution
		Debug|Any CPU = Debug|Any CPU
		Release|Any CPU = Release|Any CPU
	EndGlobalSection
	GlobalSection(ProjectConfigurationPlatforms) = postSolution
		{C8C30045-A8BA-417A-8EC0-61B57B5B207E}.Debug|Any CPU.ActiveCfg = Debug|Any CPU
		{C8C30045-A8BA-417A-8EC0-61B57B5B207E}.Debug|Any CPU.Build.0 = Debug|Any CPU
		{C8C30045-A8BA-417A-8EC0-61B57B5B207E}.Release|Any CPU.ActiveCfg = Release|Any CPU
		{C8C30045-A8BA-417A-8EC0-61B57B5B207E}.Release|Any CPU.Build.0 = Release|Any CPU
	EndGlobalSection
	GlobalSection(SolutionProperties) = preSolution
		HideSolutionNode = FALSE
	EndGlobalSection
	GlobalSection(ExtensibilityGlobals) = postSolution
		SolutionGuid = {731189FC-1DC3-4777-ADC5-CFB706501252}
	EndGlobalSection
EndGlobal
