
Microsoft Visual Studio Solution File, Format Version 12.00
# Visual Studio Version 16
VisualStudioVersion = 16.0.30204.135
MinimumVisualStudioVersion = 10.0.40219.1
Project("{FAE04EC0-301F-11D3-BF4B-00C04F79EFBC}") = "Ders 17 - İf Else Örnek", "Ders 17 - İf Else Örnek\Ders 17 - İf Else Örnek.csproj", "{AA656203-94AC-4F5B-AF82-BC2BC7255966}"
EndProject
Global
	GlobalSection(SolutionConfigurationPlatforms) = preSolution
		Debug|Any CPU = Debug|Any CPU
		Release|Any CPU = Release|Any CPU
	EndGlobalSection
	GlobalSection(ProjectConfigurationPlatforms) = postSolution
		{AA656203-94AC-4F5B-AF82-BC2BC7255966}.Debug|Any CPU.ActiveCfg = Debug|Any CPU
		{AA656203-94AC-4F5B-AF82-BC2BC7255966}.Debug|Any CPU.Build.0 = Debug|Any CPU
		{AA656203-94AC-4F5B-AF82-BC2BC7255966}.Release|Any CPU.ActiveCfg = Release|Any CPU
		{AA656203-94AC-4F5B-AF82-BC2BC7255966}.Release|Any CPU.Build.0 = Release|Any CPU
	EndGlobalSection
	GlobalSection(SolutionProperties) = preSolution
		HideSolutionNode = FALSE
	EndGlobalSection
	GlobalSection(ExtensibilityGlobals) = postSolution
		SolutionGuid = {8C450C38-FAAD-4A15-8A9A-F933ECD24B98}
	EndGlobalSection
EndGlobal
