
Microsoft Visual Studio Solution File, Format Version 12.00
# Visual Studio Version 16
VisualStudioVersion = 16.0.30204.135
MinimumVisualStudioVersion = 10.0.40219.1
Project("{FAE04EC0-301F-11D3-BF4B-00C04F79EFBC}") = "Ders 12 - ÖğrenciHesapNotlarıHesaplama", "Ders 12 - ÖğrenciHesapNotlarıHesaplama\Ders 12 - ÖğrenciHesapNotlarıHesaplama.csproj", "{03F029D9-5849-41BE-B639-09A7C8D95C06}"
EndProject
Global
	GlobalSection(SolutionConfigurationPlatforms) = preSolution
		Debug|Any CPU = Debug|Any CPU
		Release|Any CPU = Release|Any CPU
	EndGlobalSection
	GlobalSection(ProjectConfigurationPlatforms) = postSolution
		{03F029D9-5849-41BE-B639-09A7C8D95C06}.Debug|Any CPU.ActiveCfg = Debug|Any CPU
		{03F029D9-5849-41BE-B639-09A7C8D95C06}.Debug|Any CPU.Build.0 = Debug|Any CPU
		{03F029D9-5849-41BE-B639-09A7C8D95C06}.Release|Any CPU.ActiveCfg = Release|Any CPU
		{03F029D9-5849-41BE-B639-09A7C8D95C06}.Release|Any CPU.Build.0 = Release|Any CPU
	EndGlobalSection
	GlobalSection(SolutionProperties) = preSolution
		HideSolutionNode = FALSE
	EndGlobalSection
	GlobalSection(ExtensibilityGlobals) = postSolution
		SolutionGuid = {3316E0FF-021A-4A3E-A2F8-A610E71FF36E}
	EndGlobalSection
EndGlobal
