
Microsoft Visual Studio Solution File, Format Version 12.00
# Visual Studio Version 16
VisualStudioVersion = 16.0.30204.135
MinimumVisualStudioVersion = 10.0.40219.1
Project("{FAE04EC0-301F-11D3-BF4B-00C04F79EFBC}") = "Ders 21 - For Döngüsü 2", "Ders 21 - For Döngüsü 2\Ders 21 - For Döngüsü 2.csproj", "{ADE62EF5-A5A9-4903-A5BF-0662AA254B49}"
EndProject
Global
	GlobalSection(SolutionConfigurationPlatforms) = preSolution
		Debug|Any CPU = Debug|Any CPU
		Release|Any CPU = Release|Any CPU
	EndGlobalSection
	GlobalSection(ProjectConfigurationPlatforms) = postSolution
		{ADE62EF5-A5A9-4903-A5BF-0662AA254B49}.Debug|Any CPU.ActiveCfg = Debug|Any CPU
		{ADE62EF5-A5A9-4903-A5BF-0662AA254B49}.Debug|Any CPU.Build.0 = Debug|Any CPU
		{ADE62EF5-A5A9-4903-A5BF-0662AA254B49}.Release|Any CPU.ActiveCfg = Release|Any CPU
		{ADE62EF5-A5A9-4903-A5BF-0662AA254B49}.Release|Any CPU.Build.0 = Release|Any CPU
	EndGlobalSection
	GlobalSection(SolutionProperties) = preSolution
		HideSolutionNode = FALSE
	EndGlobalSection
	GlobalSection(ExtensibilityGlobals) = postSolution
		SolutionGuid = {CDAF594C-E0F9-4A14-850D-94B1055995E1}
	EndGlobalSection
EndGlobal
