
Microsoft Visual Studio Solution File, Format Version 12.00
# Visual Studio Version 16
VisualStudioVersion = 16.0.30204.135
MinimumVisualStudioVersion = 10.0.40219.1
Project("{FAE04EC0-301F-11D3-BF4B-00C04F79EFBC}") = "Ders 52 - Personel Kayıt Projesi SQL", "Ders 52 - Personel Kayıt Projesi SQL\Ders 52 - Personel Kayıt Projesi SQL.csproj", "{270AC3F8-F5AB-4348-A3B2-78C50F422556}"
EndProject
Global
	GlobalSection(SolutionConfigurationPlatforms) = preSolution
		Debug|Any CPU = Debug|Any CPU
		Release|Any CPU = Release|Any CPU
	EndGlobalSection
	GlobalSection(ProjectConfigurationPlatforms) = postSolution
		{270AC3F8-F5AB-4348-A3B2-78C50F422556}.Debug|Any CPU.ActiveCfg = Debug|Any CPU
		{270AC3F8-F5AB-4348-A3B2-78C50F422556}.Debug|Any CPU.Build.0 = Debug|Any CPU
		{270AC3F8-F5AB-4348-A3B2-78C50F422556}.Release|Any CPU.ActiveCfg = Release|Any CPU
		{270AC3F8-F5AB-4348-A3B2-78C50F422556}.Release|Any CPU.Build.0 = Release|Any CPU
	EndGlobalSection
	GlobalSection(SolutionProperties) = preSolution
		HideSolutionNode = FALSE
	EndGlobalSection
	GlobalSection(ExtensibilityGlobals) = postSolution
		SolutionGuid = {2B938885-4F4B-4CC5-8BF0-094996B35AEE}
	EndGlobalSection
EndGlobal
