
Microsoft Visual Studio Solution File, Format Version 12.00
# Visual Studio Version 16
VisualStudioVersion = 16.0.30204.135
MinimumVisualStudioVersion = 10.0.40219.1
Project("{FAE04EC0-301F-11D3-BF4B-00C04F79EFBC}") = "Ders 3 - Mastedtextbox - Pıcturebox", "Ders 3 - Mastedtextbox - Pıcturebox\Ders 3 - Mastedtextbox - Pıcturebox.csproj", "{5C720160-7B6F-463F-AE21-9AA045E9FA9A}"
EndProject
Global
	GlobalSection(SolutionConfigurationPlatforms) = preSolution
		Debug|Any CPU = Debug|Any CPU
		Release|Any CPU = Release|Any CPU
	EndGlobalSection
	GlobalSection(ProjectConfigurationPlatforms) = postSolution
		{5C720160-7B6F-463F-AE21-9AA045E9FA9A}.Debug|Any CPU.ActiveCfg = Debug|Any CPU
		{5C720160-7B6F-463F-AE21-9AA045E9FA9A}.Debug|Any CPU.Build.0 = Debug|Any CPU
		{5C720160-7B6F-463F-AE21-9AA045E9FA9A}.Release|Any CPU.ActiveCfg = Release|Any CPU
		{5C720160-7B6F-463F-AE21-9AA045E9FA9A}.Release|Any CPU.Build.0 = Release|Any CPU
	EndGlobalSection
	GlobalSection(SolutionProperties) = preSolution
		HideSolutionNode = FALSE
	EndGlobalSection
	GlobalSection(ExtensibilityGlobals) = postSolution
		SolutionGuid = {7E92EAB6-8186-48B5-A7F4-707EE59A110C}
	EndGlobalSection
EndGlobal
