
Microsoft Visual Studio Solution File, Format Version 12.00
# Visual Studio Version 16
VisualStudioVersion = 16.0.30204.135
MinimumVisualStudioVersion = 10.0.40219.1
Project("{FAE04EC0-301F-11D3-BF4B-00C04F79EFBC}") = "Ders 16 - İf Else 2", "Ders 16 - İf Else 2\Ders 16 - İf Else 2.csproj", "{976268C0-12A0-47B3-BCDF-2E7B8BC56CC2}"
EndProject
Global
	GlobalSection(SolutionConfigurationPlatforms) = preSolution
		Debug|Any CPU = Debug|Any CPU
		Release|Any CPU = Release|Any CPU
	EndGlobalSection
	GlobalSection(ProjectConfigurationPlatforms) = postSolution
		{976268C0-12A0-47B3-BCDF-2E7B8BC56CC2}.Debug|Any CPU.ActiveCfg = Debug|Any CPU
		{976268C0-12A0-47B3-BCDF-2E7B8BC56CC2}.Debug|Any CPU.Build.0 = Debug|Any CPU
		{976268C0-12A0-47B3-BCDF-2E7B8BC56CC2}.Release|Any CPU.ActiveCfg = Release|Any CPU
		{976268C0-12A0-47B3-BCDF-2E7B8BC56CC2}.Release|Any CPU.Build.0 = Release|Any CPU
	EndGlobalSection
	GlobalSection(SolutionProperties) = preSolution
		HideSolutionNode = FALSE
	EndGlobalSection
	GlobalSection(ExtensibilityGlobals) = postSolution
		SolutionGuid = {0D2FE70F-C521-4FFE-A7B4-9605F86E925A}
	EndGlobalSection
EndGlobal
