
Microsoft Visual Studio Solution File, Format Version 12.00
# Visual Studio Version 16
VisualStudioVersion = 16.0.30204.135
MinimumVisualStudioVersion = 10.0.40219.1
Project("{FAE04EC0-301F-11D3-BF4B-00C04F79EFBC}") = "Ders 2 - Combobox Listbox", "Ders 2 - Combobox Listbox\Ders 2 - Combobox Listbox.csproj", "{C0B28DB6-3027-4813-BB3A-9ED4BCA2FFAF}"
EndProject
Global
	GlobalSection(SolutionConfigurationPlatforms) = preSolution
		Debug|Any CPU = Debug|Any CPU
		Release|Any CPU = Release|Any CPU
	EndGlobalSection
	GlobalSection(ProjectConfigurationPlatforms) = postSolution
		{C0B28DB6-3027-4813-BB3A-9ED4BCA2FFAF}.Debug|Any CPU.ActiveCfg = Debug|Any CPU
		{C0B28DB6-3027-4813-BB3A-9ED4BCA2FFAF}.Debug|Any CPU.Build.0 = Debug|Any CPU
		{C0B28DB6-3027-4813-BB3A-9ED4BCA2FFAF}.Release|Any CPU.ActiveCfg = Release|Any CPU
		{C0B28DB6-3027-4813-BB3A-9ED4BCA2FFAF}.Release|Any CPU.Build.0 = Release|Any CPU
	EndGlobalSection
	GlobalSection(SolutionProperties) = preSolution
		HideSolutionNode = FALSE
	EndGlobalSection
	GlobalSection(ExtensibilityGlobals) = postSolution
		SolutionGuid = {C323F6F3-F0E7-41FA-9652-E52FBD90D9FB}
	EndGlobalSection
EndGlobal
