
Microsoft Visual Studio Solution File, Format Version 12.00
# Visual Studio Version 16
VisualStudioVersion = 16.0.30204.135
MinimumVisualStudioVersion = 10.0.40219.1
Project("{FAE04EC0-301F-11D3-BF4B-00C04F79EFBC}") = "Ders 35 - Kapsülleme ve Kalıtım", "Ders 35 - Kapsülleme\Ders 35 - Kapsülleme ve Kalıtım.csproj", "{7E610429-624C-416E-A324-E78EBE36FD89}"
EndProject
Global
	GlobalSection(SolutionConfigurationPlatforms) = preSolution
		Debug|Any CPU = Debug|Any CPU
		Release|Any CPU = Release|Any CPU
	EndGlobalSection
	GlobalSection(ProjectConfigurationPlatforms) = postSolution
		{7E610429-624C-416E-A324-E78EBE36FD89}.Debug|Any CPU.ActiveCfg = Debug|Any CPU
		{7E610429-624C-416E-A324-E78EBE36FD89}.Debug|Any CPU.Build.0 = Debug|Any CPU
		{7E610429-624C-416E-A324-E78EBE36FD89}.Release|Any CPU.ActiveCfg = Release|Any CPU
		{7E610429-624C-416E-A324-E78EBE36FD89}.Release|Any CPU.Build.0 = Release|Any CPU
	EndGlobalSection
	GlobalSection(SolutionProperties) = preSolution
		HideSolutionNode = FALSE
	EndGlobalSection
	GlobalSection(ExtensibilityGlobals) = postSolution
		SolutionGuid = {75D26BE1-1AAA-4460-914A-71B92CABA01C}
	EndGlobalSection
EndGlobal
