
Microsoft Visual Studio Solution File, Format Version 12.00
# Visual Studio Version 16
VisualStudioVersion = 16.0.30204.135
MinimumVisualStudioVersion = 10.0.40219.1
Project("{FAE04EC0-301F-11D3-BF4B-00C04F79EFBC}") = "Ders 56 - Try Catch - Hata Kontrol", "Ders 56 - Try Catch - Hata Kontrol\Ders 56 - Try Catch - Hata Kontrol.csproj", "{A7FFCC68-0FD5-4D7D-A833-B1FE7FBABE3F}"
EndProject
Global
	GlobalSection(SolutionConfigurationPlatforms) = preSolution
		Debug|Any CPU = Debug|Any CPU
		Release|Any CPU = Release|Any CPU
	EndGlobalSection
	GlobalSection(ProjectConfigurationPlatforms) = postSolution
		{A7FFCC68-0FD5-4D7D-A833-B1FE7FBABE3F}.Debug|Any CPU.ActiveCfg = Debug|Any CPU
		{A7FFCC68-0FD5-4D7D-A833-B1FE7FBABE3F}.Debug|Any CPU.Build.0 = Debug|Any CPU
		{A7FFCC68-0FD5-4D7D-A833-B1FE7FBABE3F}.Release|Any CPU.ActiveCfg = Release|Any CPU
		{A7FFCC68-0FD5-4D7D-A833-B1FE7FBABE3F}.Release|Any CPU.Build.0 = Release|Any CPU
	EndGlobalSection
	GlobalSection(SolutionProperties) = preSolution
		HideSolutionNode = FALSE
	EndGlobalSection
	GlobalSection(ExtensibilityGlobals) = postSolution
		SolutionGuid = {A5E30FCB-0E60-4EB9-B4EE-1E73E554066D}
	EndGlobalSection
EndGlobal
