
Microsoft Visual Studio Solution File, Format Version 12.00
# Visual Studio Version 16
VisualStudioVersion = 16.0.30204.135
MinimumVisualStudioVersion = 10.0.40219.1
Project("{FAE04EC0-301F-11D3-BF4B-00C04F79EFBC}") = "Ders 30 - Foreach Döngüsü", "Ders 30 - Foreach Döngüsü\Ders 30 - Foreach Döngüsü.csproj", "{D5F65B59-6884-46CB-A5D6-027574510DFA}"
EndProject
Global
	GlobalSection(SolutionConfigurationPlatforms) = preSolution
		Debug|Any CPU = Debug|Any CPU
		Release|Any CPU = Release|Any CPU
	EndGlobalSection
	GlobalSection(ProjectConfigurationPlatforms) = postSolution
		{D5F65B59-6884-46CB-A5D6-027574510DFA}.Debug|Any CPU.ActiveCfg = Debug|Any CPU
		{D5F65B59-6884-46CB-A5D6-027574510DFA}.Debug|Any CPU.Build.0 = Debug|Any CPU
		{D5F65B59-6884-46CB-A5D6-027574510DFA}.Release|Any CPU.ActiveCfg = Release|Any CPU
		{D5F65B59-6884-46CB-A5D6-027574510DFA}.Release|Any CPU.Build.0 = Release|Any CPU
	EndGlobalSection
	GlobalSection(SolutionProperties) = preSolution
		HideSolutionNode = FALSE
	EndGlobalSection
	GlobalSection(ExtensibilityGlobals) = postSolution
		SolutionGuid = {27692103-5D4F-4390-82E4-A022D6592719}
	EndGlobalSection
EndGlobal
