
Microsoft Visual Studio Solution File, Format Version 12.00
# Visual Studio Version 16
VisualStudioVersion = 16.0.30204.135
MinimumVisualStudioVersion = 10.0.40219.1
Project("{FAE04EC0-301F-11D3-BF4B-00C04F79EFBC}") = "Ders 8 - Int", "Ders 8 - Int\Ders 8 - Int.csproj", "{FFAD460E-74E8-4A57-ACA4-7A93A0806788}"
EndProject
Global
	GlobalSection(SolutionConfigurationPlatforms) = preSolution
		Debug|Any CPU = Debug|Any CPU
		Release|Any CPU = Release|Any CPU
	EndGlobalSection
	GlobalSection(ProjectConfigurationPlatforms) = postSolution
		{FFAD460E-74E8-4A57-ACA4-7A93A0806788}.Debug|Any CPU.ActiveCfg = Debug|Any CPU
		{FFAD460E-74E8-4A57-ACA4-7A93A0806788}.Debug|Any CPU.Build.0 = Debug|Any CPU
		{FFAD460E-74E8-4A57-ACA4-7A93A0806788}.Release|Any CPU.ActiveCfg = Release|Any CPU
		{FFAD460E-74E8-4A57-ACA4-7A93A0806788}.Release|Any CPU.Build.0 = Release|Any CPU
	EndGlobalSection
	GlobalSection(SolutionProperties) = preSolution
		HideSolutionNode = FALSE
	EndGlobalSection
	GlobalSection(ExtensibilityGlobals) = postSolution
		SolutionGuid = {F08EC02A-0B95-4F45-935E-51517C2AC472}
	EndGlobalSection
EndGlobal
