
Microsoft Visual Studio Solution File, Format Version 12.00
# Visual Studio Version 16
VisualStudioVersion = 16.0.30204.135
MinimumVisualStudioVersion = 10.0.40219.1
Project("{FAE04EC0-301F-11D3-BF4B-00C04F79EFBC}") = "Ders 46 - Formlar Arası Geçiş", "Ders 46 - Formlar Arası Geçiş\Ders 46 - Formlar Arası Geçiş.csproj", "{AE614D26-7762-46A4-B737-59A89DCF546F}"
EndProject
Global
	GlobalSection(SolutionConfigurationPlatforms) = preSolution
		Debug|Any CPU = Debug|Any CPU
		Release|Any CPU = Release|Any CPU
	EndGlobalSection
	GlobalSection(ProjectConfigurationPlatforms) = postSolution
		{AE614D26-7762-46A4-B737-59A89DCF546F}.Debug|Any CPU.ActiveCfg = Debug|Any CPU
		{AE614D26-7762-46A4-B737-59A89DCF546F}.Debug|Any CPU.Build.0 = Debug|Any CPU
		{AE614D26-7762-46A4-B737-59A89DCF546F}.Release|Any CPU.ActiveCfg = Release|Any CPU
		{AE614D26-7762-46A4-B737-59A89DCF546F}.Release|Any CPU.Build.0 = Release|Any CPU
	EndGlobalSection
	GlobalSection(SolutionProperties) = preSolution
		HideSolutionNode = FALSE
	EndGlobalSection
	GlobalSection(ExtensibilityGlobals) = postSolution
		SolutionGuid = {A974BE92-DD0A-44B0-B0F5-5E4EAC865AC9}
	EndGlobalSection
EndGlobal
