
Microsoft Visual Studio Solution File, Format Version 12.00
# Visual Studio Version 16
VisualStudioVersion = 16.0.30204.135
MinimumVisualStudioVersion = 10.0.40219.1
Project("{FAE04EC0-301F-11D3-BF4B-00C04F79EFBC}") = "Ders 34 - Class Sınıf", "Ders 34 - Class Sınıf\Ders 34 - Class Sınıf.csproj", "{5FEC41DB-C4F1-4D28-B9AE-B2961D1CE9AE}"
EndProject
Global
	GlobalSection(SolutionConfigurationPlatforms) = preSolution
		Debug|Any CPU = Debug|Any CPU
		Release|Any CPU = Release|Any CPU
	EndGlobalSection
	GlobalSection(ProjectConfigurationPlatforms) = postSolution
		{5FEC41DB-C4F1-4D28-B9AE-B2961D1CE9AE}.Debug|Any CPU.ActiveCfg = Debug|Any CPU
		{5FEC41DB-C4F1-4D28-B9AE-B2961D1CE9AE}.Debug|Any CPU.Build.0 = Debug|Any CPU
		{5FEC41DB-C4F1-4D28-B9AE-B2961D1CE9AE}.Release|Any CPU.ActiveCfg = Release|Any CPU
		{5FEC41DB-C4F1-4D28-B9AE-B2961D1CE9AE}.Release|Any CPU.Build.0 = Release|Any CPU
	EndGlobalSection
	GlobalSection(SolutionProperties) = preSolution
		HideSolutionNode = FALSE
	EndGlobalSection
	GlobalSection(ExtensibilityGlobals) = postSolution
		SolutionGuid = {740E219C-AF0C-4262-AD66-2525DE8FA80F}
	EndGlobalSection
EndGlobal
