
Microsoft Visual Studio Solution File, Format Version 12.00
# Visual Studio Version 16
VisualStudioVersion = 16.0.30204.135
MinimumVisualStudioVersion = 10.0.40219.1
Project("{FAE04EC0-301F-11D3-BF4B-00C04F79EFBC}") = "Ders 48 - Point Yapısı", "Ders 48 - Point Yapısı\Ders 48 - Point Yapısı.csproj", "{B294DB85-638A-408A-8EFC-4CE7922CEB7E}"
EndProject
Global
	GlobalSection(SolutionConfigurationPlatforms) = preSolution
		Debug|Any CPU = Debug|Any CPU
		Release|Any CPU = Release|Any CPU
	EndGlobalSection
	GlobalSection(ProjectConfigurationPlatforms) = postSolution
		{B294DB85-638A-408A-8EFC-4CE7922CEB7E}.Debug|Any CPU.ActiveCfg = Debug|Any CPU
		{B294DB85-638A-408A-8EFC-4CE7922CEB7E}.Debug|Any CPU.Build.0 = Debug|Any CPU
		{B294DB85-638A-408A-8EFC-4CE7922CEB7E}.Release|Any CPU.ActiveCfg = Release|Any CPU
		{B294DB85-638A-408A-8EFC-4CE7922CEB7E}.Release|Any CPU.Build.0 = Release|Any CPU
	EndGlobalSection
	GlobalSection(SolutionProperties) = preSolution
		HideSolutionNode = FALSE
	EndGlobalSection
	GlobalSection(ExtensibilityGlobals) = postSolution
		SolutionGuid = {0FC2EFBC-DB3E-4FA0-BBA3-176EFCA3C7C2}
	EndGlobalSection
EndGlobal
