
Microsoft Visual Studio Solution File, Format Version 12.00
# Visual Studio Version 16
VisualStudioVersion = 16.0.30204.135
MinimumVisualStudioVersion = 10.0.40219.1
Project("{FAE04EC0-301F-11D3-BF4B-00C04F79EFBC}") = "Ders 53 - Metin Belgesi", "Ders 53 - Metin Belgesi\Ders 53 - Metin Belgesi.csproj", "{39A8D98E-F4CE-4708-A876-C648416B62AA}"
EndProject
Global
	GlobalSection(SolutionConfigurationPlatforms) = preSolution
		Debug|Any CPU = Debug|Any CPU
		Release|Any CPU = Release|Any CPU
	EndGlobalSection
	GlobalSection(ProjectConfigurationPlatforms) = postSolution
		{39A8D98E-F4CE-4708-A876-C648416B62AA}.Debug|Any CPU.ActiveCfg = Debug|Any CPU
		{39A8D98E-F4CE-4708-A876-C648416B62AA}.Debug|Any CPU.Build.0 = Debug|Any CPU
		{39A8D98E-F4CE-4708-A876-C648416B62AA}.Release|Any CPU.ActiveCfg = Release|Any CPU
		{39A8D98E-F4CE-4708-A876-C648416B62AA}.Release|Any CPU.Build.0 = Release|Any CPU
	EndGlobalSection
	GlobalSection(SolutionProperties) = preSolution
		HideSolutionNode = FALSE
	EndGlobalSection
	GlobalSection(ExtensibilityGlobals) = postSolution
		SolutionGuid = {E184FF80-4A5E-4DC4-AB57-46CF99AB392E}
	EndGlobalSection
EndGlobal
