
Microsoft Visual Studio Solution File, Format Version 12.00
# Visual Studio Version 16
VisualStudioVersion = 16.0.30204.135
MinimumVisualStudioVersion = 10.0.40219.1
Project("{FAE04EC0-301F-11D3-BF4B-00C04F79EFBC}") = "Ders 31 - Metotlar", "Ders 31 - Metotlar\Ders 31 - Metotlar.csproj", "{2F2769AF-9F3B-4D41-A5FC-C78A5D79978C}"
EndProject
Global
	GlobalSection(SolutionConfigurationPlatforms) = preSolution
		Debug|Any CPU = Debug|Any CPU
		Release|Any CPU = Release|Any CPU
	EndGlobalSection
	GlobalSection(ProjectConfigurationPlatforms) = postSolution
		{2F2769AF-9F3B-4D41-A5FC-C78A5D79978C}.Debug|Any CPU.ActiveCfg = Debug|Any CPU
		{2F2769AF-9F3B-4D41-A5FC-C78A5D79978C}.Debug|Any CPU.Build.0 = Debug|Any CPU
		{2F2769AF-9F3B-4D41-A5FC-C78A5D79978C}.Release|Any CPU.ActiveCfg = Release|Any CPU
		{2F2769AF-9F3B-4D41-A5FC-C78A5D79978C}.Release|Any CPU.Build.0 = Release|Any CPU
	EndGlobalSection
	GlobalSection(SolutionProperties) = preSolution
		HideSolutionNode = FALSE
	EndGlobalSection
	GlobalSection(ExtensibilityGlobals) = postSolution
		SolutionGuid = {C895D8CF-EE4D-44A9-8EC7-AF1A78D4209E}
	EndGlobalSection
EndGlobal
