
Microsoft Visual Studio Solution File, Format Version 12.00
# Visual Studio Version 16
VisualStudioVersion = 16.0.30204.135
MinimumVisualStudioVersion = 10.0.40219.1
Project("{FAE04EC0-301F-11D3-BF4B-00C04F79EFBC}") = "Ders 39 - Menu Strip", "Ders 39 - Menu Strip\Ders 39 - Menu Strip.csproj", "{9F10F522-49B3-463F-840C-23F117BC4456}"
EndProject
Global
	GlobalSection(SolutionConfigurationPlatforms) = preSolution
		Debug|Any CPU = Debug|Any CPU
		Release|Any CPU = Release|Any CPU
	EndGlobalSection
	GlobalSection(ProjectConfigurationPlatforms) = postSolution
		{9F10F522-49B3-463F-840C-23F117BC4456}.Debug|Any CPU.ActiveCfg = Debug|Any CPU
		{9F10F522-49B3-463F-840C-23F117BC4456}.Debug|Any CPU.Build.0 = Debug|Any CPU
		{9F10F522-49B3-463F-840C-23F117BC4456}.Release|Any CPU.ActiveCfg = Release|Any CPU
		{9F10F522-49B3-463F-840C-23F117BC4456}.Release|Any CPU.Build.0 = Release|Any CPU
	EndGlobalSection
	GlobalSection(SolutionProperties) = preSolution
		HideSolutionNode = FALSE
	EndGlobalSection
	GlobalSection(ExtensibilityGlobals) = postSolution
		SolutionGuid = {AF5DCDC3-C3BF-43B8-B17F-19918F2B4AF1}
	EndGlobalSection
EndGlobal
