
Microsoft Visual Studio Solution File, Format Version 12.00
# Visual Studio Version 16
VisualStudioVersion = 16.0.30204.135
MinimumVisualStudioVersion = 10.0.40219.1
Project("{FAE04EC0-301F-11D3-BF4B-00C04F79EFBC}") = "Ders 23 - Do While Döngüsü", "Ders 23 - Do While Döngüsü\Ders 23 - Do While Döngüsü.csproj", "{C9E949A1-6037-4D1D-A467-B01BA72A0B06}"
EndProject
Global
	GlobalSection(SolutionConfigurationPlatforms) = preSolution
		Debug|Any CPU = Debug|Any CPU
		Release|Any CPU = Release|Any CPU
	EndGlobalSection
	GlobalSection(ProjectConfigurationPlatforms) = postSolution
		{C9E949A1-6037-4D1D-A467-B01BA72A0B06}.Debug|Any CPU.ActiveCfg = Debug|Any CPU
		{C9E949A1-6037-4D1D-A467-B01BA72A0B06}.Debug|Any CPU.Build.0 = Debug|Any CPU
		{C9E949A1-6037-4D1D-A467-B01BA72A0B06}.Release|Any CPU.ActiveCfg = Release|Any CPU
		{C9E949A1-6037-4D1D-A467-B01BA72A0B06}.Release|Any CPU.Build.0 = Release|Any CPU
	EndGlobalSection
	GlobalSection(SolutionProperties) = preSolution
		HideSolutionNode = FALSE
	EndGlobalSection
	GlobalSection(ExtensibilityGlobals) = postSolution
		SolutionGuid = {D16FC05B-F6B7-43F0-A7D4-A730F85B5A59}
	EndGlobalSection
EndGlobal
